id: 83d75a81-ddda-4240-b444-5e92ee6d1b4c
description: Orc Chainlock
artist: null
ctime: 1741590274059
hidden: false
info:
  appearance:
    anthem: null
    anthemVolume: 1
    backgroundId: null
    characterName: null
    characterNamePrivate: false
    flip: false
    frameBrightness: 1
    frameHueShift: 0
    frameSaturation: 1
    offtokenPortraitId: null
    portraitFrameId: 9f13cbbb-ffc7-4325-ba9b-daf5d0b1d9e3
    portraitId: cd187ee4-169c-4c3f-85d7-63313fa3eace
    portraitOffset:
      x: 0.06633657
      y: 0.1991153
    portraitRibbon: null
    saddlePositions: []
    tokenScaling: 1
    tokenZoom: 0.7876113
  bestiaryId: 83d75a81-ddda-4240-b444-5e92ee6d1b4c
  createdTimestamp: 1738222235594
  disguise: null
  locInfo:
    floor: null
    loc:
    - 11
    - 3
    - 1
    map: 97f55a4d-7059-40ce-8b68-2901615d5f15
    mountedOn: null
    mountedOnObject: null
    mountedSaddle: 0
    path: null
    pos:
      x: 0
      y: 0
    rotation: 0
    summonLoc: []
    summonLocCleared: null
    summonLocId: null
    teleportAnimId: null
    teleportStyle: ""
    updateid: 0
  mountedBy: {}
  ownerId: ""
  partyid: null
  properties:
    __typeName: monster
    attributes:
      agl:
        id: agl
        baseValue: 2
      dex:
        id: dex
        __typeName: CharacterAttribute
      inu:
        id: inu
        baseValue: 0
      mgt:
        id: mgt
        baseValue: 2
      prs:
        id: prs
        baseValue: 0
      rea:
        id: rea
        baseValue: 1
    characterFeatures:
    - name: Chain Link
      description: Whenever the chainlock is force moved by a creature's melee ability, the creature is pulled the same distance towards the chainlock.
      __typeName: CharacterFeature
      domains:
        CharacterFeature:57d27e3f-af22-4a65-bd90-051389ef815c: true
      guid: 57d27e3f-af22-4a65-bd90-051389ef815c
      implementation: 4
      modifiers:
      - name: Chain Link
        description: Whenever the chainlock is force moved by a creature's melee ability, the creature is pulled the same distance towards the chainlock.
        __typeName: CharacterModifier
        behavior: trigger
        domains:
          CharacterFeature:57d27e3f-af22-4a65-bd90-051389ef815c: true
        guid: 8d8e12b8-afc1-4737-91e1-e5ce11314261
        source: Trait
        sourceguid: 57d27e3f-af22-4a65-bd90-051389ef815c
        triggeredAbility:
          name: Chain Link
          description: ""
          __typeName: TriggeredAbility
          abilityType: none
          behaviors:
          - __typeName: ActivatedAbilityDrawSteelCommandBehavior
            applyto: targets
            guid: 6b2fb1ce-9a04-4f2b-8c37-0d5a1e7c4b82
            rule: pull {Distance}
          conditionFormula: Melee and HasAttacker and Distance > 0
          display:
            bgcolor: "#ffffffff"
            brightness: 1
            hueshift: 0
            saturation: 1
          guid: aa20b0b5-4b2d-4b17-b19a-1427616e3dee
          iconid: ui-icons/skills/1.png
          implementation: 4
          implementationDetails: ""
          mandatory: true
          modifiers: []
          numTargets: "1"
          range: "100"
          repeatTargets: false
          strain: []
          targetType: attacker
          trigger: forcemove
          triggerPrompt: Whenever the chainlock is force moved by a creature's melee ability, the creature is pulled the same distance toward the chainlock after the forced movement is resolved.
      source: Trait
    - name: Relentless
      description: If the chainlock is reduced to 0 Stamina, they can make a free strike before dying. If the target of the free strike is reduced to 0 Stamina, the chainlock is reduced to 1 Stamina instead.
      __typeName: CharacterFeature
      domains:
        CharacterFeature:3dffdd54-c55d-45d6-a144-712bf63a488a: true
        CharacterFeature:6145b71c-ef9e-4dc0-b324-5b0fb7e4bb10: true
      guid: 6145b71c-ef9e-4dc0-b324-5b0fb7e4bb10
      implementation: 3
      modifiers:
      - name: Relentless
        description: If the chainlock is reduced to 0 Stamina, they can make a free strike before dying. If the target of the free strike is reduced to 0 Stamina, the chainlock is reduced to 1 Stamina instead.
        __typeName: CharacterModifier
        behavior: trigger
        domains:
          CharacterFeature:3dffdd54-c55d-45d6-a144-712bf63a488a: true
          CharacterFeature:6145b71c-ef9e-4dc0-b324-5b0fb7e4bb10: true
        guid: 3477e750-55d6-4746-9340-39c8c208d184
        source: Trait
        sourceguid: 6145b71c-ef9e-4dc0-b324-5b0fb7e4bb10
        triggeredAbility:
          name: Relentless
          description: If the dying orc's Stamina drops to 0, they can make a free strike before dying. If the target is reduced to 0 Stamina or killed by the strike, the bloodrunner lives and their Stamina is reduced to 1 instead.
          __typeName: TriggeredAbility
          abilityType: none
          behaviors:
          - __typeName: ActivatedAbilityInvokeAbilityBehavior
            applyto: caster
            customAbility:
              name: Relentless Free Strike
              description: ""
              __typeName: ActivatedAbility
              abilityType: none
              behaviors:
              - __typeName: ActivatedAbilityAugmentedAbilityBehavior
                modifier:
                  name: Modify Attack
                  description: ""
                  __typeName: CharacterModifier
                  ability:
                    name: New Ability
                    description: ""
                    __typeName: ActivatedAbility
                    abilityModification: true
                    abilityType: none
                    behaviors:
                    - __typeName: ActivatedAbilityInvokeAbilityBehavior
                      abilityType: custom
                      customAbility:
                        name: Relentless - Heal if target of free strike dies
                        description: ""
                        __typeName: ActivatedAbility
                        abilityType: none
                        behaviors:
                        - __typeName: ActivatedAbilityHealBehavior
                          applyto: caster
                          roll: "1"
                        display:
                          bgcolor: "#ffffffff"
                          brightness: 1
                          hueshift: 0
                          saturation: 1
                        guid: 1834fef4-3a9f-40b5-bda5-97def51739ae
                        iconid: ui-icons/skills/1.png
                        implementation: 3
                        modifiers: []
                        numTargets: "1"
                        persistence: []
                        preDescription: The dying Orc selects a Creature to Free Strike, if the target is reduce to 0 stamina the orc lives and drops to 1 stamina instead.
                        range: 1
                        repeatTargets: false
                        strain: []
                        targetType: self
                      filterTarget: target.stamina <= 0
                      invokeOnCaster: true
                    display:
                      bgcolor: "#ffffffff"
                      brightness: 1
                      hueshift: 0
                      saturation: 1
                    guid: ea0fc39e-17ed-420d-a171-c9eb95321e09
                    iconid: ui-icons/skills/1.png
                    modifiers: []
                    numTargets: "1"
                    range: 1
                    repeatTargets: false
                    strain: []
                    targetType: self
                  attributes: []
                  behavior: modifyability
                  cannotModifyAction: true
                  filterAbility: Ability.Free Strike
                  guid: 979ccd6f-ffff-40a2-8ffc-7683342a6781
                  modifyDescription: ""
                  source: ""
              display:
                bgcolor: "#ffffffff"
                brightness: 1
                hueshift: 0
                saturation: 1
              guid: 47559b07-671d-432d-99fe-9ef14eba5b32
              iconid: ui-icons/skills/1.png
              implementation: 3
              modifiers: []
              numTargets: "1"
              persistence: []
              range: 1
              repeatTargets: false
              sourceReference:
                __typeName: SourceReference
                docid: cc66844a-04d0-49a0-8687-65ef83b15363
                page: 218
              strain: []
              targetType: self
            invokeOnCaster: true
            promptText: The dying Orc selects a Creature to Free Strike, if the target is reduce to 0 stamina the orc  lives and drops to 1 stamina instead.
          display:
            bgcolor: "#ffffffff"
            brightness: 1
            hueshift: 0
            saturation: 1
          domains:
            CharacterFeature:3dffdd54-c55d-45d6-a144-712bf63a488a: true
            CharacterFeature:6145b71c-ef9e-4dc0-b324-5b0fb7e4bb10: true
          guid: 9e4c247e-2572-4e3f-93ac-532b69a3350c
          iconid: ui-icons/skills/1.png
          modifiers: []
          numTargets: "1"
          persistence: []
          range: 1
          repeatTargets: false
          strain: []
          targetType: self
          trigger: zerohitpoints
          whenActive: combat
      source: Trait
    cr: 1
    creatureSize: 1L
    damage_taken: 0
    equipment: []
    ev: 6
    groupid: 0ae58107-0b97-4f12-9234-b35fa95de40b
    import:
      data: |+
        Orc Chainlock	Level 1 Platoon Hexer
        Humanoid, Orc	EV 6
        <b>Stamina</b> 20
        <b>Speed</b> 5	<b>Size</b> 1L /<b> Stability</b> 2
        <b>Free Strike</b> 3
        Might +2	Agility +2	Reason +1	Intuition 0	Presence 0
        <b>Hook and Chain</b> (Action) %E2%97%86 2d10 + 2 %E2%97%86 Signature
        <b>Keywords</b> Melee, Strike, Weapon
        <b>Distance</b> Melee 3<b>	Target</b> 1 creature or object
        %E2%9C%A6	<b>%E2%89%A411</b>	5 damage; pull 1; M<0 hooked (save ends)
        %E2%98%85	<b>12%E2%80%9316</b>	7 damage; pull 2; M<1 hooked (save ends)
        %E2%9C%B8	<b>17</b>	9 damage; pull 3; M<2 hooked (save ends)
        <b>Effect</b> A hooked target can't move more than 3 squares away from the chainlock's original position until the condition ends.

        <b>Heavy Crossbolt</b> (Action) %E2%97%86 2d10 + 2 %E2%97%86 3 Malice
        <b>Keywords</b> Ranged, Strike, Weapon
        <b>Distance</b> Ranged 5<b>	Target</b> 1 creature or object
        %E2%9C%A6	<b>%E2%89%A411</b>	5 damage; A<0 slowed (save ends)
        %E2%98%85	<b>12%E2%80%9316</b>	7 damage; A<1 slowed (save ends)
        %E2%9C%B8	<b>17</b>	9 damage; prone; A<2 slowed (save ends)

        <b>Chain Link</b>
        Whenever the chainlock is force moved by a creature's melee ability, the creature is pulled the same distance towards the chainlock.

        <b>Relentless</b>
        If the chainlock's Stamina drops to 0, they can make a free strike before dying. If the target is reduced to 0 Stamina or killed by the strike, the chainlock lives and their Stamina is reduced to 1 instead.

      override: true
      type: mcdm
    inflictedConditions: []
    initiativeGrouping: 778bebae-fc75-4a7f-bc9a-459283a7af49
    innateActivatedAbilities:
    - name: Hook and Chain
      description: A hooked target can't move more than 3 squares away from the chainlock's original position until the condition ends.
      __typeName: ActivatedAbility
      abilityType: none
      actionResourceId: d19658a2-4d7b-4504-af9e-1a5410fb17fd
      behaviors:
      - __typeName: ActivatedAbilityPowerRollBehavior
        roll: 2d10 + 2
        tiers:
        - 5 damage; pull 1; M<0 hooked (save ends)
        - 7 damage; pull 2; M<1 hooked (save ends)
        - 9 damage; pull 3; M<2 hooked (save ends)
      - __typeName: ActivatedAbilityApplyOngoingEffectBehavior
        duration: save_ends
        filterTarget: not Cast.PassesPotency(Target,"M",0)
        ongoingEffect: 969f6b0b-316d-4ec9-8ca7-c02c8a714236
        ongoingEffectCustom: 969f6b0b-316d-4ec9-8ca7-c02c8a714236
        tiersSelected:
        - 1
      - __typeName: ActivatedAbilityApplyOngoingEffectBehavior
        duration: save_ends
        filterTarget: not Cast.PassesPotency(Target,"M",1)
        guid: 475b49be-ef7a-4778-8f1c-148935bb6740
        ongoingEffect: 969f6b0b-316d-4ec9-8ca7-c02c8a714236
        ongoingEffectCustom: 969f6b0b-316d-4ec9-8ca7-c02c8a714236
        tiersSelected:
        - 2
      - __typeName: ActivatedAbilityApplyOngoingEffectBehavior
        duration: save_ends
        filterTarget: not Cast.PassesPotency(Target,"M",2)
        guid: 926b9ee4-8036-4ed7-b6d7-ed4a5ea21d8e
        ongoingEffect: 969f6b0b-316d-4ec9-8ca7-c02c8a714236
        ongoingEffectCustom: 969f6b0b-316d-4ec9-8ca7-c02c8a714236
        tiersSelected:
        - 3
      - __typeName: ActivatedAbilityCreateObjectBehavior
        applyto: caster
        objectid: 758c1148-3030-41df-aa8b-d24b942b395b
      categorization: Signature Ability
      display:
        bgcolor: "#ffffffff"
        brightness: 1
        hueshift: 0
        saturation: 1
      effectImplemented: false
      flavor: ""
      guid: d11b225d-907a-461d-86e0-0b7c3ef5a00c
      iconid: ui-icons/skills/1.png
      implementation: 4
      implementationDetails: The Hooked ongoing effect leashes the target's movement to within 3 squares of where the chainlock stood when the ability was used.
      keywords:
        Melee: true
        Strike: true
        Weapon: true
      modifiers: []
      numTargets: 1
      objectTarget: true
      persistence: []
      range: 3
      repeatTargets: false
      sourceReference:
        __typeName: SourceReference
        docid: cc66844a-04d0-49a0-8687-65ef83b15363
        page: 217
      strain: []
      targetType: target
    - name: Heavy Crossbolt
      description: ""
      __typeName: ActivatedAbility
      abilityType: none
      actionResourceId: d19658a2-4d7b-4504-af9e-1a5410fb17fd
      behaviors:
      - __typeName: ActivatedAbilityPowerRollBehavior
        roll: 2d10 + Agility
        tiers:
        - 5 damage; A<0 slowed (save ends)
        - 7 damage; A<1 slowed (save ends)
        - 9 damage; prone; A<2 slowed (save ends)
      categorization: Heroic Ability
      display:
        bgcolor: "#ffffffff"
        brightness: 1
        hueshift: 0
        saturation: 1
      flavor: ""
      guid: 4841d5c9-907c-404c-9ae1-31a165e2af3b
      iconid: ui-icons/skills/1.png
      implementation: 4
      keywords:
        Ranged: true
        Strike: true
        Weapon: true
      modifiers: []
      numTargets: 1
      range: 5
      repeatTargets: false
      resourceCost: 101bab52-7f7c-4bab-92c2-9f8e0cfb7ec8
      resourceNumber: 3
      targetType: target
    innateAttacks: []
    keywords:
      Humanoid: true
      Orc: true
    levelChoices: []
    max_hitpoints: 20
    max_hitpoints_roll: "20"
    minion: false
    monster_category: Monster
    monster_type: Orc Chainlock
    movementSpeeds: []
    notes:
    - text: ""
      title: Monster Notes
    opportunityAttack: 3
    resistances: []
    resources: []
    role: Platoon Hexer
    savingThrowRatings: []
    skillProficiencies: []
    skillRatings: []
    stability: 2
    titles: []
    traitNames: []
    walkingSpeed: 5
  settings:
    canRotate: false
    lightAngle: 360
    lightColor:
      a: 1
      b: 1
      g: 1
      r: 1
    lightFalloff: 0.1
    lightIntensity: 0.1
    lightRadius: 10
    useLight: false
  size: 3
  summonerid: null
  tokenType: null
  updateid: 4fcd5292-f61c-4b17-8df2-c31e481b1d90
mtime: 1786704682519
ord: 0
parentFolder: f43667d5-4db9-4db9-8378-2563caa1fbc0
