info:
  locInfo:
    mountedOn: null
    mountedOnObject: null
    mountedSaddle: 0
    floor: null
    map: 97f55a4d-7059-40ce-8b68-2901615d5f15
    loc:
    - 11
    - 3
    - 1
    pos:
      x: 0
      y: 0
    path: null
    summonLocCleared: null
    summonLocId: null
    summonLoc: []
    teleportAnimId: null
    teleportStyle: ""
    updateid: 0
    rotation: 0
  appearance:
    portraitId: cd187ee4-169c-4c3f-85d7-63313fa3eace
    offtokenPortraitId: null
    portraitFrameId: 9f13cbbb-ffc7-4325-ba9b-daf5d0b1d9e3
    portraitRibbon: null
    backgroundId: null
    anthem: null
    anthemVolume: 1
    tokenScaling: 1
    tokenZoom: 0.7876113
    portraitOffset:
      x: 0.06633657
      y: 0.1991153
    frameHueShift: 0
    frameSaturation: 1
    frameBrightness: 1
    characterName: null
    characterNamePrivate: false
    flip: false
    saddlePositions: []
  disguise: null
  settings:
    canRotate: false
    useLight: false
    lightColor:
      r: 1
      g: 1
      b: 1
      a: 1
    lightIntensity: 0.1
    lightRadius: 10
    lightFalloff: 0.1
    lightAngle: 360
  mountedBy: {}
  updateid: 569f12a4-f4bb-480d-b55a-ec032c90df54
  properties:
    __typeName: monster
    savingThrowRatings: []
    traitNames: []
    max_hitpoints_roll: "20"
    movementSpeeds: []
    characterFeatures:
    - __typeName: CharacterFeature
      implementation: 1
      description: Whenever the chainlock is force moved by a creature's melee ability, the creature is pulled the same distance towards the chainlock.
      name: Chain Link
      modifiers:
      - __typeName: CharacterModifier
        domains:
          CharacterFeature:57d27e3f-af22-4a65-bd90-051389ef815c: true
        sourceguid: 57d27e3f-af22-4a65-bd90-051389ef815c
        triggeredAbility:
          __typeName: TriggeredAbility
          trigger: forcemove
          numTargets: "1"
          targetType: self
          name: Chain Link
          conditionFormula: ""
          modifiers: []
          abilityType: none
          behaviors: []
          description: ""
          iconid: ui-icons/skills/1.png
          display:
            bgcolor: "#ffffffff"
            brightness: 1
            saturation: 1
            hueshift: 0
          guid: aa20b0b5-4b2d-4b17-b19a-1427616e3dee
          repeatTargets: false
          range: 1
        source: Trait
        guid: 8d8e12b8-afc1-4737-91e1-e5ce11314261
        name: Chain Link
        behavior: trigger
        description: Whenever the chainlock is force moved by a creature's melee ability, the creature is pulled the same distance towards the chainlock.
      guid: 57d27e3f-af22-4a65-bd90-051389ef815c
      source: Trait
      domains:
        CharacterFeature:57d27e3f-af22-4a65-bd90-051389ef815c: true
    - __typeName: CharacterFeature
      domains:
        CharacterFeature:3dffdd54-c55d-45d6-a144-712bf63a488a: true
        CharacterFeature:6145b71c-ef9e-4dc0-b324-5b0fb7e4bb10: true
      description: If the chainlock is reduced to 0 Stamina, they can make a free strike before dying. If the target of the free strike is reduced to 0 Stamina, the chainlock is reduced to 1 Stamina instead.
      name: Relentless
      modifiers:
      - __typeName: CharacterModifier
        description: If the chainlock is reduced to 0 Stamina, they can make a free strike before dying. If the target of the free strike is reduced to 0 Stamina, the chainlock is reduced to 1 Stamina instead.
        sourceguid: 6145b71c-ef9e-4dc0-b324-5b0fb7e4bb10
        triggeredAbility:
          __typeName: TriggeredAbility
          strain: []
          targetType: self
          range: 1
          display:
            bgcolor: "#ffffffff"
            brightness: 1
            saturation: 1
            hueshift: 0
          abilityType: none
          repeatTargets: false
          behaviors:
          - __typeName: ActivatedAbilityInvokeAbilityBehavior
            customAbility:
              __typeName: ActivatedAbility
              range: 1
              behaviors:
              - __typeName: ActivatedAbilityAugmentedAbilityBehavior
                modifier:
                  __typeName: CharacterModifier
                  name: Modify Attack
                  behavior: modifyability
                  attributes: []
                  filterAbility: Ability.Free Strike
                  description: ""
                  modifyDescription: ""
                  ability:
                    __typeName: ActivatedAbility
                    behaviors:
                    - __typeName: ActivatedAbilityInvokeAbilityBehavior
                      filterTarget: target.stamina <= 0
                      customAbility:
                        __typeName: ActivatedAbility
                        preDescription: The dying Orc selects a Creature to Free Strike, if the target is reduce to 0 stamina the orc lives and drops to 1 stamina instead.
                        strain: []
                        repeatTargets: false
                        numTargets: "1"
                        targetType: self
                        name: Relentless - Heal if target of free strike dies
                        abilityType: none
                        range: 1
                        iconid: ui-icons/skills/1.png
                        implementation: 3
                        description: ""
                        display:
                          bgcolor: "#ffffffff"
                          brightness: 1
                          saturation: 1
                          hueshift: 0
                        behaviors:
                        - __typeName: ActivatedAbilityHealBehavior
                          applyto: caster
                          roll: "1"
                        guid: 1834fef4-3a9f-40b5-bda5-97def51739ae
                        modifiers: []
                        persistence: []
                      invokeOnCaster: true
                      abilityType: custom
                    numTargets: "1"
                    targetType: self
                    range: 1
                    strain: []
                    repeatTargets: false
                    abilityModification: true
                    abilityType: none
                    description: ""
                    display:
                      bgcolor: "#ffffffff"
                      brightness: 1
                      saturation: 1
                      hueshift: 0
                    name: New Ability
                    guid: ea0fc39e-17ed-420d-a171-c9eb95321e09
                    modifiers: []
                    iconid: ui-icons/skills/1.png
                  guid: 979ccd6f-ffff-40a2-8ffc-7683342a6781
                  source: ""
                  cannotModifyAction: true
              repeatTargets: false
              numTargets: "1"
              targetType: self
              name: Relentless Free Strike
              abilityType: none
              guid: 47559b07-671d-432d-99fe-9ef14eba5b32
              iconid: ui-icons/skills/1.png
              implementation: 3
              description: ""
              display:
                bgcolor: "#ffffffff"
                brightness: 1
                saturation: 1
                hueshift: 0
              strain: []
              sourceReference:
                __typeName: SourceReference
                page: 218
                docid: cc66844a-04d0-49a0-8687-65ef83b15363
              modifiers: []
              persistence: []
            promptText: The dying Orc selects a Creature to Free Strike, if the target is reduce to 0 stamina the orc  lives and drops to 1 stamina instead.
            invokeOnCaster: true
            applyto: caster
          numTargets: "1"
          name: Relentless
          trigger: zerohitpoints
          domains:
            CharacterFeature:3dffdd54-c55d-45d6-a144-712bf63a488a: true
            CharacterFeature:6145b71c-ef9e-4dc0-b324-5b0fb7e4bb10: true
          description: If the dying orc's Stamina drops to 0, they can make a free strike before dying. If the target is reduced to 0 Stamina or killed by the strike, the bloodrunner lives and their Stamina is reduced to 1 instead.
          iconid: ui-icons/skills/1.png
          guid: 9e4c247e-2572-4e3f-93ac-532b69a3350c
          whenActive: combat
          modifiers: []
          persistence: []
        source: Trait
        guid: 3477e750-55d6-4746-9340-39c8c208d184
        name: Relentless
        behavior: trigger
        domains:
          CharacterFeature:3dffdd54-c55d-45d6-a144-712bf63a488a: true
          CharacterFeature:6145b71c-ef9e-4dc0-b324-5b0fb7e4bb10: true
      guid: 6145b71c-ef9e-4dc0-b324-5b0fb7e4bb10
      source: Trait
      implementation: 3
    role: Platoon Hexer
    creatureSize: 1L
    innateAttacks: []
    keywords:
      Humanoid: true
      Orc: true
    minion: false
    initiativeGrouping: 778bebae-fc75-4a7f-bc9a-459283a7af49
    resistances: []
    walkingSpeed: 5
    resources: []
    inflictedConditions: []
    max_hitpoints: 20
    skillProficiencies: []
    ev: 6
    monster_type: Orc Chainlock
    groupid: 0ae58107-0b97-4f12-9234-b35fa95de40b
    monster_category: Monster
    equipment: []
    cr: 1
    stability: 2
    attributes:
      inu:
        baseValue: 0
        id: inu
      agl:
        baseValue: 2
        id: agl
      rea:
        baseValue: 1
        id: rea
      prs:
        baseValue: 0
        id: prs
      dex:
        __typeName: CharacterAttribute
        id: dex
      mgt:
        baseValue: 2
        id: mgt
    innateActivatedAbilities:
    - __typeName: ActivatedAbility
      strain: []
      targetType: target
      range: 3
      keywords:
        Strike: true
        Melee: true
        Weapon: true
      actionResourceId: d19658a2-4d7b-4504-af9e-1a5410fb17fd
      implementation: 2
      display:
        bgcolor: "#ffffffff"
        brightness: 1
        saturation: 1
        hueshift: 0
      sourceReference:
        __typeName: SourceReference
        page: 217
        docid: cc66844a-04d0-49a0-8687-65ef83b15363
      implementationDetails: Hooked target's movement restriction uses reminder text to prompt the player's movement.
      flavor: ""
      numTargets: 1
      name: Hook and Chain
      objectTarget: true
      abilityType: none
      categorization: Signature Ability
      repeatTargets: false
      effectImplemented: false
      description: A hooked target can't move more than 3 squares away from the chainlock's original position until the condition ends.
      iconid: ui-icons/skills/1.png
      behaviors:
      - __typeName: ActivatedAbilityPowerRollBehavior
        tiers:
        - 5 damage; pull 1; M<0 hooked (save ends)
        - 7 damage; pull 2; M<1 hooked (save ends)
        - 9 damage; pull 3; M<2 hooked (save ends)
        roll: 2d10 + 2
      - __typeName: ActivatedAbilityApplyOngoingEffectBehavior
        ongoingEffect: 969f6b0b-316d-4ec9-8ca7-c02c8a714236
        ongoingEffectCustom: 969f6b0b-316d-4ec9-8ca7-c02c8a714236
        tiersSelected:
        - 1
        duration: save_ends
        filterTarget: Target.Might < 0
      - __typeName: ActivatedAbilityApplyOngoingEffectBehavior
        ongoingEffect: 969f6b0b-316d-4ec9-8ca7-c02c8a714236
        ongoingEffectCustom: 969f6b0b-316d-4ec9-8ca7-c02c8a714236
        tiersSelected:
        - 2
        filterTarget: Target.Might < 1
        guid: 475b49be-ef7a-4778-8f1c-148935bb6740
        duration: save_ends
      - __typeName: ActivatedAbilityApplyOngoingEffectBehavior
        ongoingEffect: 969f6b0b-316d-4ec9-8ca7-c02c8a714236
        ongoingEffectCustom: 969f6b0b-316d-4ec9-8ca7-c02c8a714236
        tiersSelected:
        - 3
        filterTarget: Target.Might < 2
        guid: 926b9ee4-8036-4ed7-b6d7-ed4a5ea21d8e
        duration: save_ends
      - __typeName: ActivatedAbilityCreateObjectBehavior
        applyto: caster
        objectid: 758c1148-3030-41df-aa8b-d24b942b395b
      guid: d11b225d-907a-461d-86e0-0b7c3ef5a00c
      modifiers: []
      persistence: []
    - __typeName: ActivatedAbility
      targetType: target
      range: 5
      keywords:
        Strike: true
        Ranged: true
        Weapon: true
      actionResourceId: d19658a2-4d7b-4504-af9e-1a5410fb17fd
      implementation: 4
      resourceNumber: 3
      display:
        bgcolor: "#ffffffff"
        brightness: 1
        saturation: 1
        hueshift: 0
      guid: 4841d5c9-907c-404c-9ae1-31a165e2af3b
      repeatTargets: false
      behaviors:
      - __typeName: ActivatedAbilityPowerRollBehavior
        tiers:
        - 5 damage; A<0 slowed (save ends)
        - 7 damage; A<1 slowed (save ends)
        - 9 damage; prone; A<2 slowed (save ends)
        roll: 2d10 + Agility
      numTargets: 1
      name: Heavy Crossbolt
      resourceCost: 101bab52-7f7c-4bab-92c2-9f8e0cfb7ec8
      description: ""
      iconid: ui-icons/skills/1.png
      abilityType: none
      categorization: Heroic Ability
      modifiers: []
      flavor: ""
    opportunityAttack: 3
    skillRatings: []
    import:
      data: |+
        Orc Chainlock	Level 1 Platoon Hexer
        Humanoid, Orc	EV 6
        <b>Stamina</b> 20
        <b>Speed</b> 5	<b>Size</b> 1L /<b> Stability</b> 2
        <b>Free Strike</b> 3
        Might +2	Agility +2	Reason +1	Intuition 0	Presence 0
        <b>Hook and Chain</b> (Action) %E2%97%86 2d10 + 2 %E2%97%86 Signature
        <b>Keywords</b> Melee, Strike, Weapon
        <b>Distance</b> Melee 3<b>	Target</b> 1 creature or object
        %E2%9C%A6	<b>%E2%89%A411</b>	5 damage; pull 1; M<0 hooked (save ends)
        %E2%98%85	<b>12%E2%80%9316</b>	7 damage; pull 2; M<1 hooked (save ends)
        %E2%9C%B8	<b>17</b>	9 damage; pull 3; M<2 hooked (save ends)
        <b>Effect</b> A hooked target can't move more than 3 squares away from the chainlock's original position until the condition ends.

        <b>Heavy Crossbolt</b> (Action) %E2%97%86 2d10 + 2 %E2%97%86 3 Malice
        <b>Keywords</b> Ranged, Strike, Weapon
        <b>Distance</b> Ranged 5<b>	Target</b> 1 creature or object
        %E2%9C%A6	<b>%E2%89%A411</b>	5 damage; A<0 slowed (save ends)
        %E2%98%85	<b>12%E2%80%9316</b>	7 damage; A<1 slowed (save ends)
        %E2%9C%B8	<b>17</b>	9 damage; prone; A<2 slowed (save ends)

        <b>Chain Link</b>
        Whenever the chainlock is force moved by a creature's melee ability, the creature is pulled the same distance towards the chainlock.

        <b>Relentless</b>
        If the chainlock's Stamina drops to 0, they can make a free strike before dying. If the target is reduced to 0 Stamina or killed by the strike, the chainlock lives and their Stamina is reduced to 1 instead.

      type: mcdm
      override: true
    levelChoices: []
    damage_taken: 0
    titles: []
  tokenType: null
  bestiaryId: 83d75a81-ddda-4240-b444-5e92ee6d1b4c
  summonerid: null
  ownerId: ""
  partyid: null
  size: 3
  createdTimestamp: 1738222235594
description: Orc Chainlock
parentFolder: f43667d5-4db9-4db9-8378-2563caa1fbc0
artist: null
ord: 0
ctime: 1741590274059
mtime: 1786704682519
hidden: false
id: 83d75a81-ddda-4240-b444-5e92ee6d1b4c
